// !$*UTF8*$!
{
	archiveVersion = 1;
	classes = {
	};
	objectVersion = 46;
	objects = {

/* Begin PBXBuildFile section */
		45516CEB1CD874EE00C3511F /* main.m in Sources */ = {isa = PBXBuildFile; fileRef = 45516CEA1CD874EE00C3511F /* main.m */; };
		45516CEE1CD874EE00C3511F /* AppDelegate.m in Sources */ = {isa = PBXBuildFile; fileRef = 45516CED1CD874EE00C3511F /* AppDelegate.m */; };
		45516CF11CD874EE00C3511F /* ViewController.m in Sources */ = {isa = PBXBuildFile; fileRef = 45516CF01CD874EE00C3511F /* ViewController.m */; };
		45516CF41CD874EE00C3511F /* Main.storyboard in Resources */ = {isa = PBXBuildFile; fileRef = 45516CF21CD874EE00C3511F /* Main.storyboard */; };
		45516CF61CD874EE00C3511F /* Assets.xcassets in Resources */ = {isa = PBXBuildFile; fileRef = 45516CF51CD874EE00C3511F /* Assets.xcassets */; };
		45516CF91CD874EE00C3511F /* LaunchScreen.storyboard in Resources */ = {isa = PBXBuildFile; fileRef = 45516CF71CD874EE00C3511F /* LaunchScreen.storyboard */; };
		45516D021CD8750300C3511F /* XHCryptorTools.m in Sources */ = {isa = PBXBuildFile; fileRef = 45516D011CD8750300C3511F /* XHCryptorTools.m */; settings = {ASSET_TAGS = (); }; };
		45516D081CD8761100C3511F /* p.p12 in Resources */ = {isa = PBXBuildFile; fileRef = 45516D031CD8761100C3511F /* p.p12 */; settings = {ASSET_TAGS = (); }; };
		45516D091CD8761100C3511F /* private.pem in Resources */ = {isa = PBXBuildFile; fileRef = 45516D041CD8761100C3511F /* private.pem */; settings = {ASSET_TAGS = (); }; };
		45516D0A1CD8761100C3511F /* rsacert.crt in Resources */ = {isa = PBXBuildFile; fileRef = 45516D051CD8761100C3511F /* rsacert.crt */; settings = {ASSET_TAGS = (); }; };
		45516D0B1CD8761100C3511F /* rsacert.csr in Resources */ = {isa = PBXBuildFile; fileRef = 45516D061CD8761100C3511F /* rsacert.csr */; settings = {ASSET_TAGS = (); }; };
		45516D0C1CD8761100C3511F /* rsacert.der in Resources */ = {isa = PBXBuildFile; fileRef = 45516D071CD8761100C3511F /* rsacert.der */; settings = {ASSET_TAGS = (); }; };
/* End PBXBuildFile section */

/* Begin PBXFileReference section */
		45516CE61CD874EE00C3511F /* RSA加密.app */ = {isa = PBXFileReference; explicitFileType = wrapper.application; includeInIndex = 0; path = "RSA加密.app"; sourceTree = BUILT_PRODUCTS_DIR; };
		45516CEA1CD874EE00C3511F /* main.m */ = {isa = PBXFileReference; lastKnownFileType = sourcecode.c.objc; path = main.m; sourceTree = "<group>"; };
		45516CEC1CD874EE00C3511F /* AppDelegate.h */ = {isa = PBXFileReference; lastKnownFileType = sourcecode.c.h; path = AppDelegate.h; sourceTree = "<group>"; };
		45516CED1CD874EE00C3511F /* AppDelegate.m */ = {isa = PBXFileReference; lastKnownFileType = sourcecode.c.objc; path = AppDelegate.m; sourceTree = "<group>"; };
		45516CEF1CD874EE00C3511F /* ViewController.h */ = {isa = PBXFileReference; lastKnownFileType = sourcecode.c.h; path = ViewController.h; sourceTree = "<group>"; };
		45516CF01CD874EE00C3511F /* ViewController.m */ = {isa = PBXFileReference; lastKnownFileType = sourcecode.c.objc; path = ViewController.m; sourceTree = "<group>"; };
		45516CF31CD874EE00C3511F /* Base */ = {isa = PBXFileReference; lastKnownFileType = file.storyboard; name = Base; path = Base.lproj/Main.storyboard; sourceTree = "<group>"; };
		45516CF51CD874EE00C3511F /* Assets.xcassets */ = {isa = PBXFileReference; lastKnownFileType = folder.assetcatalog; path = Assets.xcassets; sourceTree = "<group>"; };
		45516CF81CD874EE00C3511F /* Base */ = {isa = PBXFileReference; lastKnownFileType = file.storyboard; name = Base; path = Base.lproj/LaunchScreen.storyboard; sourceTree = "<group>"; };
		45516CFA1CD874EE00C3511F /* Info.plist */ = {isa = PBXFileReference; lastKnownFileType = text.plist.xml; path = Info.plist; sourceTree = "<group>"; };
		45516D001CD8750300C3511F /* XHCryptorTools.h */ = {isa = PBXFileReference; fileEncoding = 4; lastKnownFileType = sourcecode.c.h; path = XHCryptorTools.h; sourceTree = "<group>"; };
		45516D011CD8750300C3511F /* XHCryptorTools.m */ = {isa = PBXFileReference; fileEncoding = 4; lastKnownFileType = sourcecode.c.objc; path = XHCryptorTools.m; sourceTree = "<group>"; };
		45516D031CD8761100C3511F /* p.p12 */ = {isa = PBXFileReference; lastKnownFileType = file; path = p.p12; sourceTree = "<group>"; };
		45516D041CD8761100C3511F /* private.pem */ = {isa = PBXFileReference; fileEncoding = 4; lastKnownFileType = text; path = private.pem; sourceTree = "<group>"; };
		45516D051CD8761100C3511F /* rsacert.crt */ = {isa = PBXFileReference; fileEncoding = 4; lastKnownFileType = text; path = rsacert.crt; sourceTree = "<group>"; };
		45516D061CD8761100C3511F /* rsacert.csr */ = {isa = PBXFileReference; fileEncoding = 4; lastKnownFileType = text; path = rsacert.csr; sourceTree = "<group>"; };
		45516D071CD8761100C3511F /* rsacert.der */ = {isa = PBXFileReference; lastKnownFileType = file; path = rsacert.der; sourceTree = "<group>"; };
/* End PBXFileReference section */

/* Begin PBXFrameworksBuildPhase section */
		45516CE31CD874EE00C3511F /* Frameworks */ = {
			isa = PBXFrameworksBuildPhase;
			buildActionMask = 2147483647;
			files = (
			);
			runOnlyForDeploymentPostprocessing = 0;
		};
/* End PBXFrameworksBuildPhase section */

/* Begin PBXGroup section */
		45516CDD1CD874EE00C3511F = {
			isa = PBXGroup;
			children = (
				45516CE81CD874EE00C3511F /* RSA加密 */,
				45516CE71CD874EE00C3511F /* Products */,
			);
			sourceTree = "<group>";
		};
		45516CE71CD874EE00C3511F /* Products */ = {
			isa = PBXGroup;
			children = (
				45516CE61CD874EE00C3511F /* RSA加密.app */,
			);
			name = Products;
			sourceTree = "<group>";
		};
		45516CE81CD874EE00C3511F /* RSA加密 */ = {
			isa = PBXGroup;
			children = (
				45516D031CD8761100C3511F /* p.p12 */,
				45516D041CD8761100C3511F /* private.pem */,
				45516D051CD8761100C3511F /* rsacert.crt */,
				45516D061CD8761100C3511F /* rsacert.csr */,
				45516D071CD8761100C3511F /* rsacert.der */,
				45516D001CD8750300C3511F /* XHCryptorTools.h */,
				45516D011CD8750300C3511F /* XHCryptorTools.m */,
				45516CEC1CD874EE00C3511F /* AppDelegate.h */,
				45516CED1CD874EE00C3511F /* AppDelegate.m */,
				45516CEF1CD874EE00C3511F /* ViewController.h */,
				45516CF01CD874EE00C3511F /* ViewController.m */,
				45516CF21CD874EE00C3511F /* Main.storyboard */,
				45516CF51CD874EE00C3511F /* Assets.xcassets */,
				45516CF71CD874EE00C3511F /* LaunchScreen.storyboard */,
				45516CFA1CD874EE00C3511F /* Info.plist */,
				45516CE91CD874EE00C3511F /* Supporting Files */,
			);
			path = "RSA加密";
			sourceTree = "<group>";
		};
		45516CE91CD874EE00C3511F /* Supporting Files */ = {
			isa = PBXGroup;
			children = (
				45516CEA1CD874EE00C3511F /* main.m */,
			);
			name = "Supporting Files";
			sourceTree = "<group>";
		};
/* End PBXGroup section */

/* Begin PBXNativeTarget section */
		45516CE51CD874EE00C3511F /* RSA加密 */ = {
			isa = PBXNativeTarget;
			buildConfigurationList = 45516CFD1CD874EE00C3511F /* Build configuration list for PBXNativeTarget "RSA加密" */;
			buildPhases = (
				45516CE21CD874EE00C3511F /* Sources */,
				45516CE31CD874EE00C3511F /* Frameworks */,
				45516CE41CD874EE00C3511F /* Resources */,
			);
			buildRules = (
			);
			dependencies = (
			);
			name = "RSA加密";
			productName = "RSA加密";
			productReference = 45516CE61CD874EE00C3511F /* RSA加密.app */;
			productType = "com.apple.product-type.application";
		};
/* End PBXNativeTarget section */

/* Begin PBXProject section */
		45516CDE1CD874EE00C3511F /* Project object */ = {
			isa = PBXProject;
			attributes = {
				LastUpgradeCheck = 0700;
				ORGANIZATIONNAME = heima;
				TargetAttributes = {
					45516CE51CD874EE00C3511F = {
						CreatedOnToolsVersion = 7.0;
					};
				};
			};
			buildConfigurationList = 45516CE11CD874EE00C3511F /* Build configuration list for PBXProject "RSA加密" */;
			compatibilityVersion = "Xcode 3.2";
			developmentRegion = English;
			hasScannedForEncodings = 0;
			knownRegions = (
				en,
				Base,
			);
			mainGroup = 45516CDD1CD874EE00C3511F;
			productRefGroup = 45516CE71CD874EE00C3511F /* Products */;
			projectDirPath = "";
			projectRoot = "";
			targets = (
				45516CE51CD874EE00C3511F /* RSA加密 */,
			);
		};
/* End PBXProject section */

/* Begin PBXResourcesBuildPhase section */
		45516CE41CD874EE00C3511F /* Resources */ = {
			isa = PBXResourcesBuildPhase;
			buildActionMask = 2147483647;
			files = (
				45516D0C1CD8761100C3511F /* rsacert.der in Resources */,
				45516CF91CD874EE00C3511F /* LaunchScreen.storyboard in Resources */,
				45516D091CD8761100C3511F /* private.pem in Resources */,
				45516D0B1CD8761100C3511F /* rsacert.csr in Resources */,
				45516CF61CD874EE00C3511F /* Assets.xcassets in Resources */,
				45516D081CD8761100C3511F /* p.p12 in Resources */,
				45516D0A1CD8761100C3511F /* rsacert.crt in Resources */,
				45516CF41CD874EE00C3511F /* Main.storyboard in Resources */,
			);
			runOnlyForDeploymentPostprocessing = 0;
		};
/* End PBXResourcesBuildPhase section */

/* Begin PBXSourcesBuildPhase section */
		45516CE21CD874EE00C3511F /* Sources */ = {
			isa = PBXSourcesBuildPhase;
			buildActionMask = 2147483647;
			files = (
				45516CF11CD874EE00C3511F /* ViewController.m in Sources */,
				45516CEE1CD874EE00C3511F /* AppDelegate.m in Sources */,
				45516CEB1CD874EE00C3511F /* main.m in Sources */,
				45516D021CD8750300C3511F /* XHCryptorTools.m in Sources */,
			);
			runOnlyForDeploymentPostprocessing = 0;
		};
/* End PBXSourcesBuildPhase section */

/* Begin PBXVariantGroup section */
		45516CF21CD874EE00C3511F /* Main.storyboard */ = {
			isa = PBXVariantGroup;
			children = (
				45516CF31CD874EE00C3511F /* Base */,
			);
			name = Main.storyboard;
			sourceTree = "<group>";
		};
		45516CF71CD874EE00C3511F /* LaunchScreen.storyboard */ = {
			isa = PBXVariantGroup;
			children = (
				45516CF81CD874EE00C3511F /* Base */,
			);
			name = LaunchScreen.storyboard;
			sourceTree = "<group>";
		};
/* End PBXVariantGroup section */

/* Begin XCBuildConfiguration section */
		45516CFB1CD874EE00C3511F /* Debug */ = {
			isa = XCBuildConfiguration;
			buildSettings = {
				ALWAYS_SEARCH_USER_PATHS = NO;
				CLANG_CXX_LANGUAGE_STANDARD = "gnu++0x";
				CLANG_CXX_LIBRARY = "libc++";
				CLANG_ENABLE_MODULES = YES;
				CLANG_ENABLE_OBJC_ARC = YES;
				CLANG_WARN_BOOL_CONVERSION = YES;
				CLANG_WARN_CONSTANT_CONVERSION = YES;
				CLANG_WARN_DIRECT_OBJC_ISA_USAGE = YES_ERROR;
				CLANG_WARN_EMPTY_BODY = YES;
				CLANG_WARN_ENUM_CONVERSION = YES;
				CLANG_WARN_INT_CONVERSION = YES;
				CLANG_WARN_OBJC_ROOT_CLASS = YES_ERROR;
				CLANG_WARN_UNREACHABLE_CODE = YES;
				CLANG_WARN__DUPLICATE_METHOD_MATCH = YES;
				"CODE_SIGN_IDENTITY[sdk=iphoneos*]" = "iPhone Developer";
				COPY_PHASE_STRIP = NO;
				DEBUG_INFORMATION_FORMAT = dwarf;
				ENABLE_STRICT_OBJC_MSGSEND = YES;
				ENABLE_TESTABILITY = YES;
				GCC_C_LANGUAGE_STANDARD = gnu99;
				GCC_DYNAMIC_NO_PIC = NO;
				GCC_NO_COMMON_BLOCKS = YES;
				GCC_OPTIMIZATION_LEVEL = 0;
				GCC_PREPROCESSOR_DEFINITIONS = (
					"DEBUG=1",
					"$(inherited)",
				);
				GCC_WARN_64_TO_32_BIT_CONVERSION = YES;
				GCC_WARN_ABOUT_RETURN_TYPE = YES_ERROR;
				GCC_WARN_UNDECLARED_SELECTOR = YES;
				GCC_WARN_UNINITIALIZED_AUTOS = YES_AGGRESSIVE;
				GCC_WARN_UNUSED_FUNCTION = YES;
				GCC_WARN_UNUSED_VARIABLE = YES;
				IPHONEOS_DEPLOYMENT_TARGET = 9.0;
				MTL_ENABLE_DEBUG_INFO = YES;
				ONLY_ACTIVE_ARCH = YES;
				SDKROOT = iphoneos;
			};
			name = Debug;
		};
		45516CFC1CD874EE00C3511F /* Release */ = {
			isa = XCBuildConfiguration;
			buildSettings = {
				ALWAYS_SEARCH_USER_PATHS = NO;
				CLANG_CXX_LANGUAGE_STANDARD = "gnu++0x";
				CLANG_CXX_LIBRARY = "libc++";
				CLANG_ENABLE_MODULES = YES;
				CLANG_ENABLE_OBJC_ARC = YES;
				CLANG_WARN_BOOL_CONVERSION = YES;
				CLANG_WARN_CONSTANT_CONVERSION = YES;
				CLANG_WARN_DIRECT_OBJC_ISA_USAGE = YES_ERROR;
				CLANG_WARN_EMPTY_BODY = YES;
				CLANG_WARN_ENUM_CONVERSION = YES;
				CLANG_WARN_INT_CONVERSION = YES;
				CLANG_WARN_OBJC_ROOT_CLASS = YES_ERROR;
				CLANG_WARN_UNREACHABLE_CODE = YES;
				CLANG_WARN__DUPLICATE_METHOD_MATCH = YES;
				"CODE_SIGN_IDENTITY[sdk=iphoneos*]" = "iPhone Developer";
				COPY_PHASE_STRIP = NO;
				DEBUG_INFORMATION_FORMAT = "dwarf-with-dsym";
				ENABLE_NS_ASSERTIONS = NO;
				ENABLE_STRICT_OBJC_MSGSEND = YES;
				GCC_C_LANGUAGE_STANDARD = gnu99;
				GCC_NO_COMMON_BLOCKS = YES;
				GCC_WARN_64_TO_32_BIT_CONVERSION = YES;
				GCC_WARN_ABOUT_RETURN_TYPE = YES_ERROR;
				GCC_WARN_UNDECLARED_SELECTOR = YES;
				GCC_WARN_UNINITIALIZED_AUTOS = YES_AGGRESSIVE;
				GCC_WARN_UNUSED_FUNCTION = YES;
				GCC_WARN_UNUSED_VARIABLE = YES;
				IPHONEOS_DEPLOYMENT_TARGET = 9.0;
				MTL_ENABLE_DEBUG_INFO = NO;
				SDKROOT = iphoneos;
				VALIDATE_PRODUCT = YES;
			};
			name = Release;
		};
		45516CFE1CD874EE00C3511F /* Debug */ = {
			isa = XCBuildConfiguration;
			buildSettings = {
				ASSETCATALOG_COMPILER_APPICON_NAME = AppIcon;
				INFOPLIST_FILE = "RSA加密/Info.plist";
				LD_RUNPATH_SEARCH_PATHS = "$(inherited) @executable_path/Frameworks";
				PRODUCT_BUNDLE_IDENTIFIER = "cn.8test.RSA--";
				PRODUCT_NAME = "$(TARGET_NAME)";
			};
			name = Debug;
		};
		45516CFF1CD874EE00C3511F /* Release */ = {
			isa = XCBuildConfiguration;
			buildSettings = {
				ASSETCATALOG_COMPILER_APPICON_NAME = AppIcon;
				INFOPLIST_FILE = "RSA加密/Info.plist";
				LD_RUNPATH_SEARCH_PATHS = "$(inherited) @executable_path/Frameworks";
				PRODUCT_BUNDLE_IDENTIFIER = "cn.8test.RSA--";
				PRODUCT_NAME = "$(TARGET_NAME)";
			};
			name = Release;
		};
/* End XCBuildConfiguration section */

/* Begin XCConfigurationList section */
		45516CE11CD874EE00C3511F /* Build configuration list for PBXProject "RSA加密" */ = {
			isa = XCConfigurationList;
			buildConfigurations = (
				45516CFB1CD874EE00C3511F /* Debug */,
				45516CFC1CD874EE00C3511F /* Release */,
			);
			defaultConfigurationIsVisible = 0;
			defaultConfigurationName = Release;
		};
		45516CFD1CD874EE00C3511F /* Build configuration list for PBXNativeTarget "RSA加密" */ = {
			isa = XCConfigurationList;
			buildConfigurations = (
				45516CFE1CD874EE00C3511F /* Debug */,
				45516CFF1CD874EE00C3511F /* Release */,
			);
			defaultConfigurationIsVisible = 0;
		};
/* End XCConfigurationList section */
	};
	rootObject = 45516CDE1CD874EE00C3511F /* Project object */;
}
